{
    "version": 3,
    "terraform_version": "0.11.7",
    "serial": 5,
    "lineage": "65784c0e-deb3-b026-5e99-31cfa4e6e639",
    "modules": [
        {
            "path": [
                "root"
            ],
            "outputs": {},
            "resources": {
                "google_bigtable_instance.df-demo": {
                    "type": "google_bigtable_instance",
                    "depends_on": [],
                    "primary": {
                        "id": "df-demo",
                        "attributes": {
                            "cluster_id": "df-demo",
                            "display_name": "df-demo",
                            "id": "df-demo",
                            "instance_type": "PRODUCTION",
                            "name": "df-demo",
                            "num_nodes": "3",
                            "project": "jinked-home",
                            "storage_type": "SSD",
                            "zone": "us-central1-b"
                        },
                        "meta": {},
                        "tainted": false
                    },
                    "deposed": [],
                    "provider": "provider.google"
                },
                "google_bigtable_table.df-demo": {
                    "type": "google_bigtable_table",
                    "depends_on": [
                        "google_bigtable_instance.df-demo"
                    ],
                    "primary": {
                        "id": "df-demo",
                        "attributes": {
                            "id": "df-demo",
                            "instance_name": "df-demo",
                            "name": "df-demo",
                            "project": "jinked-home"
                        },
                        "meta": {},
                        "tainted": false
                    },
                    "deposed": [],
                    "provider": "provider.google"
                },
                "google_container_cluster.df-demo": {
                    "type": "google_container_cluster",
                    "depends_on": [],
                    "primary": {
                        "id": "df-demo",
                        "attributes": {
                            "additional_zones.#": "2",
                            "additional_zones.114014501": "us-central1-b",
                            "additional_zones.533760100": "us-central1-c",
                            "addons_config.#": "1",
                            "addons_config.0.horizontal_pod_autoscaling.#": "0",
                            "addons_config.0.http_load_balancing.#": "0",
                            "addons_config.0.kubernetes_dashboard.#": "0",
                            "addons_config.0.network_policy_config.#": "1",
                            "addons_config.0.network_policy_config.0.disabled": "true",
                            "cluster_ipv4_cidr": "10.40.0.0/14",
                            "description": "",
                            "enable_kubernetes_alpha": "false",
                            "enable_legacy_abac": "false",
                            "endpoint": "35.225.102.90",
                            "id": "df-demo",
                            "initial_node_count": "0",
                            "instance_group_urls.#": "3",
                            "instance_group_urls.0": "https://www.googleapis.com/compute/v1/projects/jinked-home/zones/us-central1-b/instanceGroups/gke-df-demo-default-1c5ddeeb-grp",
                            "instance_group_urls.1": "https://www.googleapis.com/compute/v1/projects/jinked-home/zones/us-central1-c/instanceGroups/gke-df-demo-default-6463c721-grp",
                            "instance_group_urls.2": "https://www.googleapis.com/compute/v1/projects/jinked-home/zones/us-central1-a/instanceGroups/gke-df-demo-default-799527a4-grp",
                            "ip_allocation_policy.#": "0",
                            "logging_service": "logging.googleapis.com",
                            "maintenance_policy.#": "0",
                            "master_auth.#": "1",
                            "master_auth.0.client_certificate": "LS0tLS1CRUdJTiBDRVJUSUZJQ0FURS0tLS0tCk1JSUMyekNDQWNPZ0F3SUJBZ0lSQU1taFFDN3UrbTBzTUttdFBqcFdQOTR3RFFZSktvWklodmNOQVFFTEJRQXcKTHpFdE1Dc0dBMVVFQXhNa05HVTBOVGxrT0dNdE56a3hZUzAwWldZekxXRmtaamd0TnpVeU5EQTRZbUUzTkRNdwpNQjRYRFRFNE1EY3hPVEF5TkRZME9Wb1hEVEl6TURjeE9EQXlORFkwT1Zvd0VURVBNQTBHQTFVRUF4TUdZMnhwClpXNTBNSUlCSWpBTkJna3Foa2lHOXcwQkFRRUZBQU9DQVE4QU1JSUJDZ0tDQVFFQTVDNnBBQytEQ2d2Z25jSksKR01CRmdNVHZpd3BiSlR3TlNXR3dMQWRaY3ZudzhzbnV2TVl4RUoxNGU2SldzbDN3em9oQzE4WHdyWHF5d3RsVQo0WWI5YXBQRDlFeDFlYjRrZWFoQ05sZmRZMHZYWGpkOGpneHpKcDVRZlRrRWZ5MUJQekQ0UXJFbS84emZkS2J5Cm1EeCtJNXc1VWZvd2ZuaDlpTCtMWnhzT2g4cTk5MGJSLzVPRmhuZEJ4NlJqNTByRm1Jb0ErbUIzMWhDZExkb0kKM1ZGV1piTFJTeU5zOHVLcldBVVI2aXJzR0tkTisvWkVHN2FTWjZZV3dtTThUYmY5Z0x6R3JCVXlWWndLS1JaLwo2VXBYWXVhUytIUCtoWi8zTDI4U1RnRWx3NTlVeE4xcUhRWnJ4cXgwd2dvOEtCZndiQ1VNZ1U2QWxYU3hFblExCjdlcHpKd0lEQVFBQm94QXdEakFNQmdOVkhSTUJBZjhFQWpBQU1BMEdDU3FHU0liM0RRRUJDd1VBQTRJQkFRQVMKeDZaRzk5M2syWmFaa0poWFduYUlST1pkT0duSG9pLzUwQTRNempFUXcybCtCN2V4a1R1VnZBSDdQL0JjNGJlQQpGajZJdmMyNnV3bUVrL0RZYlVJQTlnT01Dd0d4cmNZa29DZk5laGppUDI1dWFpNlFHMjJWNTZTK0RIaTJJSHd6CkZrY0FoZXNuTG9VelRqbjUyeFlkVlJmRzFJOVREZDZRanp2SWpKbjRIK0g0VWtmMFBMcTRMSmo4Q3FZVFB3ZTUKSVIxdy9NM2oxNmtzTmMyZUtmVzVkTTRlMW1VRHBROUJyUElRVlNYVktaYkRienEraFNUQndxY2pTSUVvUjF1eQo3d3oxQjJyUnkzelhNUy9RWmd3Z3I3MTgvV0hsdHJFbENkaE5adWE4ODZRRlFGWWpYd0NESEVoRFdUcFNNeGRrCk1pL2sydm1PM0RWQ21FYnVacGt0Ci0tLS0tRU5EIENFUlRJRklDQVRFLS0tLS0K",
                            "master_auth.0.client_certificate_config.#": "0",
                            "master_auth.0.client_key": "LS0tLS1CRUdJTiBSU0EgUFJJVkFURSBLRVktLS0tLQpNSUlFb3dJQkFBS0NBUUVBNUM2cEFDK0RDZ3ZnbmNKS0dNQkZnTVR2aXdwYkpUd05TV0d3TEFkWmN2bnc4c251CnZNWXhFSjE0ZTZKV3NsM3d6b2hDMThYd3JYcXl3dGxVNFliOWFwUEQ5RXgxZWI0a2VhaENObGZkWTB2WFhqZDgKamd4ekpwNVFmVGtFZnkxQlB6RDRRckVtLzh6ZmRLYnltRHgrSTV3NVVmb3dmbmg5aUwrTFp4c09oOHE5OTBiUgovNU9GaG5kQng2Umo1MHJGbUlvQSttQjMxaENkTGRvSTNWRldaYkxSU3lOczh1S3JXQVVSNmlyc0dLZE4rL1pFCkc3YVNaNllXd21NOFRiZjlnTHpHckJVeVZad0tLUlovNlVwWFl1YVMrSFAraFovM0wyOFNUZ0VsdzU5VXhOMXEKSFFacnhxeDB3Z284S0Jmd2JDVU1nVTZBbFhTeEVuUTE3ZXB6SndJREFRQUJBb0lCQUExM3laRjhFY0VhakFmcApDMDdrV1FDQzN6Rk1ObGxVeERpcGFPaTRYYW0yZHowYW84VGE4bjRYWlV0RmZOWXJTdkY0Ym5BN2tTWHBkanFmCm5FTWNJTUgveXhMcUhtR2JVa2pSOWIwdERpRkp2U3o2Um16clJES3FmbmdJVVFFaFRvRm9lN0ZvQmw3QkhMYWsKWjBZMVdvRkhPOFRnYVA0QXBrYlhmaEZqQjBaY0diQjFUb0lxM0NEakt0b0hNWHA5RVVUVUI0c216RTVYTEtxTQpyQkxuUFZQQ29nYWFvcHBlMjQrdTN5SHlnZmExZFJwV0JPU3p5MFRLSnF2ZVNsOHdPczB1RFIybVVPcmlQVmRuCi9QeDB5azc0azBiUFVuL0JRYUNGYVNaUmFHYU41QzIvTUc0OE0wdWpoMDV4cjUzVlNiaGlCRFRTckQzUUk0c3IKMGNsbXdDa0NnWUVBKytTRlp4S0taT25kR3J6d1BydzJHM3pDaVNMU3ZXQVlMQlhvOG1TeE0rQmM2VjRkYml0NwpQeFpHWklwU1lKMG8yUVhFWVViWURkMFE1a05HdjJDd0VJaU1CRFVIZ2RyTGtmRlFNaHMvc1k5dHYrU25FbEY1CnBFNzl1NUNFTE1QQ2ZDUzh2dWt1SmtDTmszREZlcHluNmJKMXBtbWs4dktYbjdoU0paRFZ5SzhDZ1lFQTUrY3EKR0xWZisxQXl5M0h4aEUyRGxBV2NYQXVCWGNhZjV1R2JURGRrNjZWRlNWeXV1NHlvNUVOQ3FuUE5INXFNbVZwYwo5SEZ4QzMySFAvV255Smd3NGFpU3UzM2Y2TnBZK2J4a0dSNERxNUVJb1lhM3RwU3VIOWY2NVc4UFEwZUVndzRZCnNYWXV6UzhhblhZaHpCdy9tYUxuTktwcWlKQXZzWWpFVEllZkt3a0NnWUJBcThrOFQxeE0wR1krQ1NnOVV5RXAKS1h6Z3JKb2ltTnRiNWp3cWo0T1hhQkV5c1VFcEdleklvN1ZxOXNCem9hWHRJamZyS2I4cXdBa290VGtpeFhZdQpxSUFhVEdzakFjT21NcWgrVk5Tamg4bUxyTzdnR3g3NStuWFdoQ0lMUkM5WXBDMzViZkMxVFhtTDB6WkFacHdOCnVnM09yZXoxbXljbWtMSTJodHI4YlFLQmdIMVpGZ2dGQWJ4MXZQNzZ0L0VyZE5PdHRMYU1BWUVPdTUrd2txQy8KMEcwUENFUi9OSE5ydEY2dGZIdGwzSm9ZajZiVWtTb1BwMnJ1and5alcrMnhWYnFqdzZ4VWZaTC9jdGlLWEJDMwppSVJVQUxaT2V6N1ZYc2tYbFNZdXdiRThGd1EvdWxreDZGby8rOExnOTZPOElTU0tTUzdPYm9jaWFLVXRwKzAxCjRYTUJBb0dCQUprRnBoWCt2bFNRaldyRUpJSDJYWjluS2FJU1VUOUQwRFd0dUMyRlMrUlN6MklHUFJkNWtLQnAKTEc1MDJJMzlWT3pFUlRHZVNuYy9pcncxSmhLRzJIU2VWY1dCckYrWERKeXFOcFBzbVlZRXB1Vm9Vdm11SFJxNwo2WEtiNVZjV1hNTU8yZmNxTEYxWEpuRW5BZXFqaDMvbmkrbzM2U2R2VVFvS1JQWEdwL21sCi0tLS0tRU5EIFJTQSBQUklWQVRFIEtFWS0tLS0tCg==",
                            "master_auth.0.cluster_ca_certificate": "LS0tLS1CRUdJTiBDRVJUSUZJQ0FURS0tLS0tCk1JSURDekNDQWZPZ0F3SUJBZ0lRZWM2YkZWRThsYXFlckhvVlJqMm1uekFOQmdrcWhraUc5dzBCQVFzRkFEQXYKTVMwd0t3WURWUVFERXlRMFpUUTFPV1E0WXkwM09URmhMVFJsWmpNdFlXUm1PQzAzTlRJME1EaGlZVGMwTXpBdwpIaGNOTVRnd056RTVNREUwTmpRNFdoY05Nak13TnpFNE1ESTBOalE0V2pBdk1TMHdLd1lEVlFRREV5UTBaVFExCk9XUTRZeTAzT1RGaExUUmxaak10WVdSbU9DMDNOVEkwTURoaVlUYzBNekF3Z2dFaU1BMEdDU3FHU0liM0RRRUIKQVFVQUE0SUJEd0F3Z2dFS0FvSUJBUUNTVGhqVTBoRWowSE1aSzY1dTFTaVprZ1BBa0tSMjFJcTRXV3prMlVlbwpIRFBrSDFscy9wZjFabWx3U3AyTWkwU3FyWDVjS1N0ZE4ya29TaGxXcUVoM1dITlhDRmRqODFmVURZTCs5SlppCnQ4TWJsdEVlZzhBM0xIT0VSblFoL1hsSXhPL1B2Ry95Zk5CYUJXNUE5RXo4T01GNS9MNEkrODBRUW1FYlUxRXcKcFU5RVFFeHBMZVhndm0rUzhEaDJJdXd5cEh6RmhYWXF2akFQZHJyOXQwckFNZnh2Q2VrUkJsUk55a2lRY3N1cQo1cHI4enJJVFNpTi9Fbml3ckMzY1NkZHRHcDFwSXVIRXV5cWdVS0RXRkhLZlZ4aGRnb1llajBYcnU5SzE5ZDVhCmpmbnorMjY2R2ZXZjVQeENBNC9PT0ROeTZsWmVrdEZ5UGJOUFBXTjhvcTBaQWdNQkFBR2pJekFoTUE0R0ExVWQKRHdFQi93UUVBd0lDQkRBUEJnTlZIUk1CQWY4RUJUQURBUUgvTUEwR0NTcUdTSWIzRFFFQkN3VUFBNElCQVFCUAoyb1VDK0FmU25BVFFaa1BNeFpWOHluRk03MEhLSmZLV1o3Qndvd1ZyYWo5ZytEUStWeFQwWFIzakNPKzg3eHd4Cmd3c0ZXa3dUQ2l2VWFKRzRDQ1Y2YlVGcGpsb0NGUmVkc245YU5jRVk4dlNVTExvd0Y0ZGhRZ3BCWWVJaFdWS3cKb1JkQUd3dU5YaU1EbXRXMGZXWkdvYSs0aDR2R2FWQnltSzFiaHFQcW5GNWFJeFVhdmgzYkxwUFZQakpQWWJsWApoZHRvOU9jbXRGTHFXNDEzaDZtdzk0bUdpQUIyOGUxbUFZTGgvbFVieEw5MFRVNEJhMTkvMmN0ZUpNTWE5VmU1Ckl1WGNiMGdBL0JVakFEWE5NWjJYdmdUY0tCUU1kaFU1bkphNEtYYlY0T01pOXNCUUh5dE9RYmlyTTNPaDdRQXAKVWVNRExxeDFjMXFOUkxwQjAzaVUKLS0tLS1FTkQgQ0VSVElGSUNBVEUtLS0tLQo=",
                            "master_auth.0.password": "d0mwUt0g9brR2hvZ",
                            "master_auth.0.username": "admin",
                            "master_authorized_networks_config.#": "0",
                            "master_ipv4_cidr_block": "",
                            "master_version": "1.9.7-gke.3",
                            "monitoring_service": "monitoring.googleapis.com",
                            "name": "df-demo",
                            "network": "projects/jinked-home/global/networks/default",
                            "network_policy.#": "1",
                            "network_policy.0.enabled": "false",
                            "network_policy.0.provider": "PROVIDER_UNSPECIFIED",
                            "node_config.#": "1",
                            "node_config.0.disk_size_gb": "30",
                            "node_config.0.disk_type": "pd-standard",
                            "node_config.0.guest_accelerator.#": "0",
                            "node_config.0.image_type": "COS",
                            "node_config.0.labels.%": "0",
                            "node_config.0.local_ssd_count": "0",
                            "node_config.0.machine_type": "n1-standard-8",
                            "node_config.0.metadata.%": "0",
                            "node_config.0.min_cpu_platform": "",
                            "node_config.0.oauth_scopes.#": "1",
                            "node_config.0.oauth_scopes.1733087937": "https://www.googleapis.com/auth/cloud-platform",
                            "node_config.0.preemptible": "false",
                            "node_config.0.service_account": "default",
                            "node_config.0.tags.#": "0",
                            "node_config.0.taint.#": "0",
                            "node_config.0.workload_metadata_config.#": "0",
                            "node_pool.#": "1",
                            "node_pool.0.autoscaling.#": "1",
                            "node_pool.0.autoscaling.0.max_node_count": "24",
                            "node_pool.0.autoscaling.0.min_node_count": "9",
                            "node_pool.0.initial_node_count": "3",
                            "node_pool.0.instance_group_urls.#": "3",
                            "node_pool.0.instance_group_urls.0": "https://www.googleapis.com/compute/v1/projects/jinked-home/zones/us-central1-b/instanceGroupManagers/gke-df-demo-default-1c5ddeeb-grp",
                            "node_pool.0.instance_group_urls.1": "https://www.googleapis.com/compute/v1/projects/jinked-home/zones/us-central1-c/instanceGroupManagers/gke-df-demo-default-6463c721-grp",
                            "node_pool.0.instance_group_urls.2": "https://www.googleapis.com/compute/v1/projects/jinked-home/zones/us-central1-a/instanceGroupManagers/gke-df-demo-default-799527a4-grp",
                            "node_pool.0.management.#": "1",
                            "node_pool.0.management.0.auto_repair": "true",
                            "node_pool.0.management.0.auto_upgrade": "true",
                            "node_pool.0.name": "default",
                            "node_pool.0.name_prefix": "",
                            "node_pool.0.node_config.#": "1",
                            "node_pool.0.node_config.0.disk_size_gb": "30",
                            "node_pool.0.node_config.0.disk_type": "pd-standard",
                            "node_pool.0.node_config.0.guest_accelerator.#": "0",
                            "node_pool.0.node_config.0.image_type": "COS",
                            "node_pool.0.node_config.0.labels.%": "0",
                            "node_pool.0.node_config.0.local_ssd_count": "0",
                            "node_pool.0.node_config.0.machine_type": "n1-standard-8",
                            "node_pool.0.node_config.0.metadata.%": "0",
                            "node_pool.0.node_config.0.min_cpu_platform": "",
                            "node_pool.0.node_config.0.oauth_scopes.#": "1",
                            "node_pool.0.node_config.0.oauth_scopes.1733087937": "https://www.googleapis.com/auth/cloud-platform",
                            "node_pool.0.node_config.0.preemptible": "false",
                            "node_pool.0.node_config.0.service_account": "default",
                            "node_pool.0.node_config.0.tags.#": "0",
                            "node_pool.0.node_config.0.taint.#": "0",
                            "node_pool.0.node_config.0.workload_metadata_config.#": "0",
                            "node_pool.0.node_count": "3",
                            "node_pool.0.version": "1.9.7-gke.3",
                            "node_version": "1.9.7-gke.3",
                            "pod_security_policy_config.#": "0",
                            "private_cluster": "false",
                            "project": "jinked-home",
                            "resource_labels.%": "0",
                            "subnetwork": "projects/jinked-home/regions/us-central1/subnetworks/default",
                            "zone": "us-central1-a"
                        },
                        "meta": {
                            "e2bfb730-ecaa-11e6-8f88-34363bc7c4c0": {
                                "create": 1800000000000,
                                "delete": 600000000000,
                                "update": 600000000000
                            },
                            "schema_version": "1"
                        },
                        "tainted": false
                    },
                    "deposed": [],
                    "provider": "provider.google"
                },
                "google_pubsub_subscription.pd-demo": {
                    "type": "google_pubsub_subscription",
                    "depends_on": [
                        "google_pubsub_topic.pd-demo"
                    ],
                    "primary": {
                        "id": "projects/jinked-home/subscriptions/pd-demo",
                        "attributes": {
                            "ack_deadline_seconds": "120",
                            "id": "projects/jinked-home/subscriptions/pd-demo",
                            "name": "pd-demo",
                            "path": "projects/jinked-home/subscriptions/pd-demo",
                            "project": "jinked-home",
                            "push_config.#": "0",
                            "topic": "projects/jinked-home/topics/pd-demo"
                        },
                        "meta": {},
                        "tainted": false
                    },
                    "deposed": [],
                    "provider": "provider.google"
                },
                "google_pubsub_topic.pd-demo": {
                    "type": "google_pubsub_topic",
                    "depends_on": [],
                    "primary": {
                        "id": "projects/jinked-home/topics/pd-demo",
                        "attributes": {
                            "id": "projects/jinked-home/topics/pd-demo",
                            "name": "pd-demo",
                            "project": "jinked-home"
                        },
                        "meta": {},
                        "tainted": false
                    },
                    "deposed": [],
                    "provider": "provider.google"
                }
            },
            "depends_on": []
        }
    ]
}
