{
    "version": 3,
    "terraform_version": "0.11.7",
    "serial": 10,
    "lineage": "65784c0e-deb3-b026-5e99-31cfa4e6e639",
    "modules": [
        {
            "path": [
                "root"
            ],
            "outputs": {},
            "resources": {
                "google_bigtable_instance.df-demo": {
                    "type": "google_bigtable_instance",
                    "depends_on": [],
                    "primary": {
                        "id": "df-demo",
                        "attributes": {
                            "cluster_id": "df-demo",
                            "display_name": "df-demo",
                            "id": "df-demo",
                            "instance_type": "PRODUCTION",
                            "name": "df-demo",
                            "num_nodes": "3",
                            "project": "jinked-home",
                            "storage_type": "SSD",
                            "zone": "us-central1-b"
                        },
                        "meta": {},
                        "tainted": false
                    },
                    "deposed": [],
                    "provider": "provider.google"
                },
                "google_bigtable_table.df-demo": {
                    "type": "google_bigtable_table",
                    "depends_on": [
                        "google_bigtable_instance.df-demo"
                    ],
                    "primary": {
                        "id": "df-demo",
                        "attributes": {
                            "id": "df-demo",
                            "instance_name": "df-demo",
                            "name": "df-demo",
                            "project": "jinked-home"
                        },
                        "meta": {},
                        "tainted": false
                    },
                    "deposed": [],
                    "provider": "provider.google"
                },
                "google_bigtable_table.df-demo-tsdb": {
                    "type": "google_bigtable_table",
                    "depends_on": [
                        "google_bigtable_instance.df-demo"
                    ],
                    "primary": {
                        "id": "tsdb",
                        "attributes": {
                            "id": "tsdb",
                            "instance_name": "df-demo",
                            "name": "tsdb",
                            "project": "jinked-home"
                        },
                        "meta": {},
                        "tainted": false
                    },
                    "deposed": [],
                    "provider": "provider.google"
                },
                "google_bigtable_table.df-demo-tsdb-meta": {
                    "type": "google_bigtable_table",
                    "depends_on": [
                        "google_bigtable_instance.df-demo"
                    ],
                    "primary": {
                        "id": "tsdb-meta",
                        "attributes": {
                            "id": "tsdb-meta",
                            "instance_name": "df-demo",
                            "name": "tsdb-meta",
                            "project": "jinked-home"
                        },
                        "meta": {},
                        "tainted": false
                    },
                    "deposed": [],
                    "provider": "provider.google"
                },
                "google_bigtable_table.df-demo-tsdb-tree": {
                    "type": "google_bigtable_table",
                    "depends_on": [
                        "google_bigtable_instance.df-demo"
                    ],
                    "primary": {
                        "id": "tsdb-tree",
                        "attributes": {
                            "id": "tsdb-tree",
                            "instance_name": "df-demo",
                            "name": "tsdb-tree",
                            "project": "jinked-home"
                        },
                        "meta": {},
                        "tainted": false
                    },
                    "deposed": [],
                    "provider": "provider.google"
                },
                "google_bigtable_table.df-demo-tsdb-uid": {
                    "type": "google_bigtable_table",
                    "depends_on": [
                        "google_bigtable_instance.df-demo"
                    ],
                    "primary": {
                        "id": "tsdb-uid",
                        "attributes": {
                            "id": "tsdb-uid",
                            "instance_name": "df-demo",
                            "name": "tsdb-uid",
                            "project": "jinked-home"
                        },
                        "meta": {},
                        "tainted": false
                    },
                    "deposed": [],
                    "provider": "provider.google"
                },
                "google_compute_subnetwork.df-demo": {
                    "type": "google_compute_subnetwork",
                    "depends_on": [],
                    "primary": {
                        "id": "us-central1/df-demo",
                        "attributes": {
                            "creation_timestamp": "2018-07-22T20:10:25.808-07:00",
                            "description": "",
                            "enable_flow_logs": "false",
                            "fingerprint": "OKiYcBN5U74=",
                            "gateway_address": "10.1.0.1",
                            "id": "us-central1/df-demo",
                            "ip_cidr_range": "10.1.0.0/20",
                            "name": "df-demo",
                            "network": "https://www.googleapis.com/compute/beta/projects/jinked-home/global/networks/default",
                            "private_ip_google_access": "false",
                            "project": "jinked-home",
                            "region": "us-central1",
                            "secondary_ip_range.#": "2",
                            "secondary_ip_range.0.ip_cidr_range": "10.1.16.0/20",
                            "secondary_ip_range.0.range_name": "df-demo-pods",
                            "secondary_ip_range.1.ip_cidr_range": "10.1.32.0/20",
                            "secondary_ip_range.1.range_name": "df-demo-services",
                            "self_link": "https://www.googleapis.com/compute/v1/projects/jinked-home/regions/us-central1/subnetworks/df-demo"
                        },
                        "meta": {
                            "e2bfb730-ecaa-11e6-8f88-34363bc7c4c0": {
                                "create": 360000000000,
                                "delete": 360000000000,
                                "update": 360000000000
                            }
                        },
                        "tainted": false
                    },
                    "deposed": [],
                    "provider": "provider.google"
                },
                "google_container_cluster.df-demo": {
                    "type": "google_container_cluster",
                    "depends_on": [
                        "google_compute_subnetwork.df-demo"
                    ],
                    "primary": {
                        "id": "df-demo",
                        "attributes": {
                            "additional_zones.#": "2",
                            "additional_zones.114014501": "us-central1-b",
                            "additional_zones.533760100": "us-central1-c",
                            "addons_config.#": "1",
                            "addons_config.0.horizontal_pod_autoscaling.#": "0",
                            "addons_config.0.http_load_balancing.#": "0",
                            "addons_config.0.kubernetes_dashboard.#": "0",
                            "addons_config.0.network_policy_config.#": "1",
                            "addons_config.0.network_policy_config.0.disabled": "true",
                            "cluster_ipv4_cidr": "10.1.16.0/20",
                            "description": "",
                            "enable_kubernetes_alpha": "false",
                            "enable_legacy_abac": "false",
                            "endpoint": "35.226.54.188",
                            "id": "df-demo",
                            "initial_node_count": "0",
                            "instance_group_urls.#": "3",
                            "instance_group_urls.0": "https://www.googleapis.com/compute/v1/projects/jinked-home/zones/us-central1-b/instanceGroups/gke-df-demo-default-50e1f8aa-grp",
                            "instance_group_urls.1": "https://www.googleapis.com/compute/v1/projects/jinked-home/zones/us-central1-c/instanceGroups/gke-df-demo-default-f0ecd4d0-grp",
                            "instance_group_urls.2": "https://www.googleapis.com/compute/v1/projects/jinked-home/zones/us-central1-a/instanceGroups/gke-df-demo-default-80e25e34-grp",
                            "ip_allocation_policy.#": "1",
                            "ip_allocation_policy.0.cluster_secondary_range_name": "df-demo-pods",
                            "ip_allocation_policy.0.services_secondary_range_name": "df-demo-services",
                            "logging_service": "logging.googleapis.com",
                            "maintenance_policy.#": "0",
                            "master_auth.#": "1",
                            "master_auth.0.client_certificate": "LS0tLS1CRUdJTiBDRVJUSUZJQ0FURS0tLS0tCk1JSUMyakNDQWNLZ0F3SUJBZ0lRZWswUW9LWWJVaTF6bWhBK1RlNkhyakFOQmdrcWhraUc5dzBCQVFzRkFEQXYKTVMwd0t3WURWUVFERXlRM056Qm1OMlppTWkwNE5HVTNMVFEyTXpNdE9XSTJZeTFrT1RkbVpEVXpObVJsWVdVdwpIaGNOTVRnd056SXpNRE14TVRVMVdoY05Nak13TnpJeU1ETXhNVFUxV2pBUk1ROHdEUVlEVlFRREV3WmpiR2xsCmJuUXdnZ0VpTUEwR0NTcUdTSWIzRFFFQkFRVUFBNElCRHdBd2dnRUtBb0lCQVFDd21SNnZ0RVdaQmVrYlM3cE4KZUkvMXAwQTlGQ2dOTDFFc0JNNENuekpCeWlKNXFCc090WWZXRW5QQThKY29LSHIzanVETG5GTWJOR2FWYlQvMQplZmtadzNNeHJzWEJ6NEsyeG9aWThmUjZXUXFGSE5Xb2NFU3RIOVlrcllIN2k3RnppaCtEQ3UybkhHVysrN1luCnpnN3VFbHNrdFV1SjR1MkZBVnhBRkx1YmZWMXJwQkNxbktNRVJHekU1SVQxVGNTKzM4NENacGdQNnhqV3VtQVQKUzM4K0lESWUzdzZwVTdod25DbU5JTG03bE9KMnF6K3VDUElHazBCcG1pakRCakI2Skh6cm5HMi9aamMxbGt6bgpzaGlkVis3V2dWb01Rem5vOEZyOHZaN04zM1dUNEVEenJQS05BSmpTMlppNXN2MGlwWUJzbVgrZFRyN1NBNXQ3CjVRS05BZ01CQUFHakVEQU9NQXdHQTFVZEV3RUIvd1FDTUFBd0RRWUpLb1pJaHZjTkFRRUxCUUFEZ2dFQkFMSUcKS3JOSmJVZmRQZ0lCZzhpVFR2blY4d1hTNytMblE5SW5ZWWg3cXNFR29Vdzl1bTlKSEVFdXJoT2lyemJnSFJOTwp6VGlGNk0ycE5Oa3ZVZWdIU3BHR000QkNQNW5yNTZtVENMVU9ETlBZVGxZRnpYSURKWldVbHY2THFSMHhJMEkxCm1lUUxYYWdHQUp2VXY5VjdudjNDWEprVEt5Qm94QzY0NGxKU3BndVluMkRPNHBER0huRk1mWDdFTUVGQWZzYWgKSXJObkloUHVtSmpjcGliT3NwbXk3TjJlRStZcEorZ1oybHdpZmcvNHlBRTJIRWdjemhNRHpEMEE0SDdjWndRWQo3ZmFmVDdqMmtSeEMwSDZTS1NoNjlqa2lEZFdNUDlTdzlhdlEyTkhQSGVOaEVoNUNpOVhNcEtwb1MrM2FqZTZnCktVZEMrTGh3VDg1OUJWeU83MDg9Ci0tLS0tRU5EIENFUlRJRklDQVRFLS0tLS0K",
                            "master_auth.0.client_certificate_config.#": "0",
                            "master_auth.0.client_key": "LS0tLS1CRUdJTiBSU0EgUFJJVkFURSBLRVktLS0tLQpNSUlFb2dJQkFBS0NBUUVBc0prZXI3UkZtUVhwRzB1NlRYaVA5YWRBUFJRb0RTOVJMQVRPQXA4eVFjb2llYWdiCkRyV0gxaEp6d1BDWEtDaDY5NDdneTV4VEd6Um1sVzAvOVhuNUdjTnpNYTdGd2MrQ3RzYUdXUEgwZWxrS2hSelYKcUhCRXJSL1dKSzJCKzR1eGM0b2Znd3J0cHh4bHZ2dTJKODRPN2hKYkpMVkxpZUx0aFFGY1FCUzdtMzFkYTZRUQpxcHlqQkVSc3hPU0U5VTNFdnQvT0FtYVlEK3NZMXJwZ0UwdC9QaUF5SHQ4T3FWTzRjSndwalNDNXU1VGlkcXMvCnJnanlCcE5BYVpvb3d3WXdlaVI4NjV4dHYyWTNOWlpNNTdJWW5WZnUxb0ZhREVNNTZQQmEvTDJlemQ5MWsrQkEKODZ6eWpRQ1kwdG1ZdWJMOUlxV0FiSmwvblU2KzBnT2JlK1VDalFJREFRQUJBb0lCQUNKNnF0S2NURkJkcG84VgpRSGthdG1TOGRGN1lmaDlnNHlUSWhWNWVyYVhKck9SNnpWbVlXTDZUbUxVTlpEM0xkWUs3Q3luRnlqWVFDNDFXCktMd3BSZGpoWDY3T0ZEOU1ZQldHZWptSWQvYWhSdHdKYnErMXg3clRjZkIwVGVJS2VxbDN5TUpCa25mam8vdmYKVWtmQVJBcjRXNEkxd1Z0WkNvM0MzN3VGTU1IaEs1UGFXYUxld1hXcmNsWVJkL3VSRHEydWJpeHUwNStWTityeApJQ3BLS2M2TXJZcFk4N1hNTGJmakpIQXBBc0U4SUVmVWdjUXJWd2RTdGpsMlc1Y05iWEVTUUl2ZWdaTDNqOFNoCjhvS3NmY2RpOUNnZldxWFhBM1dkWStXQ0UwRENTY2d4QVJMRXdMd0QrYk1DZHVYUmU4UXNxTzhJeCtsV3VsRFcKWGpGOVlRTUNnWUVBM0x4RWI2Y05sMWVueEpocUIxa1RydFhhMHNha1VIOHNsMmF5T095MmFBZlVxLzI5UXFxdQpabnVjOEozYThnL0VmYnpsRXRhU1ZGbTcxREtDeldwdVNKOWdVWVozMG1uRVlKNnRlQkszN0UvczJjMEJBcDJVCkd1UlIySW1Db3JKbWhkZFRxckdMcHFybzJyRXZ4eWVqMWp5dFZpdmh1YjZRS2ZqSDhwUTcvWE1DZ1lFQXpNKzAKMUVIc1FIUk4xRCs2cVlabC93SGxZaGVpM2d6VXVUR3JSelFqL1MyK0NFdHY0aFpsZDZZaHpFem9FWmViL0JiNwpLLzl4L1lhTm9EWENWZnhwSG8zR2ZPdmIrMzBrc3hWSGxQSnlrNHFJL2VoUE9BY0dQdTA3NVFsc2ZLcHpySDVJCkU5dGx2WXc2ZGVxWnlPditRUnE0SzU2UkNsZCtmdTMzZHhjYS8vOENnWUFBeWNOTXlzSG5xbTUwNno1bHJGRy8KckEvTjlOdWRWZmJveTNzVGJQVHh4aVZpUDlPdkswRFlLTlRVbnh1ckJaZGtBNHFsMkpKSkx0RFczeDlNY0hiWQpWNGxXZ1M1b1YreFZrL3QybEVxSDAzazdCZHBkRWdiM1daMVpNcFIrMURnOWZobFVZTEhvOUc5RWFLR05DbjB4ClJLSXh6cEpOd1hwdVMrOGExS0NxTlFLQmdHaHNSaUFxZEUvd2ZIWUpBQnpLMzFvREYzYko0a29nZEp6dmpBcEQKdFUyeWNyODc1eEY0cGNjNU51WTVGK0ZRVVVGWVhqdHloQ1hrNG5TYXREaXU5dEdUSzI0cHV3RWdMd1AzaDRXVApqNE5XRUw2VUlUL0pwUStVV1FOUHFMWnZHWWNLNDZqc0paVmMxN21qSVVGbHdUNWtaeDRtUElEdlZ4bFVMdVhUCksvcjFBb0dBQmwyMFFNRU52dHhmWGlGUWxzWlhhV1dKVGkxUms3Z2lCSFFJci9zTnFQbVl1WjZ1QnRqdFVyMnMKUVpoTHdlN1ZkRWtQRS8xNkVPVzN1alc3dytITlBBaTRIN1FhNFpPdVZhR1BuOTRiYzBWTURrMEdDR0NGaStlNgpIRTAra0J6VW5wejl4WVkvbWR4YVp4L2ppZ3FQSldGeXlLM0VTMlg0Vy8xcXRVaVJFVkk9Ci0tLS0tRU5EIFJTQSBQUklWQVRFIEtFWS0tLS0tCg==",
                            "master_auth.0.cluster_ca_certificate": "LS0tLS1CRUdJTiBDRVJUSUZJQ0FURS0tLS0tCk1JSURERENDQWZTZ0F3SUJBZ0lSQUsyVlNOS1B3bTV6Y0EyNXF3eDN6TXd3RFFZSktvWklodmNOQVFFTEJRQXcKTHpFdE1Dc0dBMVVFQXhNa056Y3daamRtWWpJdE9EUmxOeTAwTmpNekxUbGlObU10WkRrM1ptUTFNelprWldGbApNQjRYRFRFNE1EY3lNekF5TVRFMU5Gb1hEVEl6TURjeU1qQXpNVEUxTkZvd0x6RXRNQ3NHQTFVRUF4TWtOemN3ClpqZG1Zakl0T0RSbE55MDBOak16TFRsaU5tTXRaRGszWm1RMU16WmtaV0ZsTUlJQklqQU5CZ2txaGtpRzl3MEIKQVFFRkFBT0NBUThBTUlJQkNnS0NBUUVBd0xRMzJNNncxa0ZLRmhZeXUrbTJadXlWejQxeVhIeDZ3TUgzS2huMQpRUlNEOUhyQXVVSzRJSktzSlROWEpmOUd6QmFSTmNXSDRZL3ViOFNPeEU1azdmTmJ5M1hESjEvUDJLREp5NlIvCnQzWm5YYVp5eHpOTUZkNDFSSXNqblBYdjRVbGlRS3Y5SUdNbTVCYTdvbnVRbDZTalFobHpQb3VzVmNHaHlhZDkKUi9uR3JtZ29SejVRVUoxbjd0V2JEajdrRGN2MGdXZzl1SXR6a1hOZVZHQWZLMnI3MmcxWlBMVy9Ca3hQOENlSwpkaHNteDkrNWhhRXRHN1pvOGtKQjJteEYrUlZoclIrQXNPL3RnWEtiSndVMmJBbGFmdllzV2c2ZThlNFZZU0xtCjdRblNaMjdobWpJMkZ4aFJDbTFlNmIwZExmMUVoR1RNMmRqZ00rUGV2eHV6S1FJREFRQUJveU13SVRBT0JnTlYKSFE4QkFmOEVCQU1DQWdRd0R3WURWUjBUQVFIL0JBVXdBd0VCL3pBTkJna3Foa2lHOXcwQkFRc0ZBQU9DQVFFQQpka3dEYkYwdUVyVUF2K2Rjc0FEMnAwUDYxTlBJMUxvakpjRWVxL3E3VkJvVm9SWVNEUUdLS0NhbWkxRzZ2NS9aCk5LVUFNSUgwQk9vYVFhRmtRaXJlUkU2QmZEVzVobVJmbFg0QjlVOWNRZElDc2I4TWdCeHRhNW0zWU4xM0VCVTQKcG5jb2lIOHBSamtOTXZZRDVpT0Zkb3M0WHpKakZNWlNxV2p0UjdhK0l1Tjk0TDBEcjJSRk9vVk5LZGhZNnVNNQpiYmI1MGkxaHJHWWJYQmRWdmM5b1d6RW9lb3ZjN2RURlc1czRNQzUrMjFsb2xjcURQcGZiN3lYR0Y3R2d0QkNDCkFmVUJhaDJ1SHd2VFZzNnErUFdOWGxPNmxxT3dxYVZidThtQ09Sd2tPN1A4MGcwUHlhZ1RWdTlWUHJpRnRWQlUKYkorWURGSXhWblROVTFMeEpBMU9jQT09Ci0tLS0tRU5EIENFUlRJRklDQVRFLS0tLS0K",
                            "master_auth.0.password": "QQbXYonLZqGevpwZ",
                            "master_auth.0.username": "admin",
                            "master_authorized_networks_config.#": "0",
                            "master_ipv4_cidr_block": "",
                            "master_version": "1.9.7-gke.3",
                            "monitoring_service": "monitoring.googleapis.com",
                            "name": "df-demo",
                            "network": "projects/jinked-home/global/networks/default",
                            "network_policy.#": "1",
                            "network_policy.0.enabled": "false",
                            "network_policy.0.provider": "PROVIDER_UNSPECIFIED",
                            "node_config.#": "1",
                            "node_config.0.disk_size_gb": "30",
                            "node_config.0.disk_type": "pd-standard",
                            "node_config.0.guest_accelerator.#": "0",
                            "node_config.0.image_type": "COS",
                            "node_config.0.labels.%": "0",
                            "node_config.0.local_ssd_count": "0",
                            "node_config.0.machine_type": "n1-standard-8",
                            "node_config.0.metadata.%": "0",
                            "node_config.0.min_cpu_platform": "",
                            "node_config.0.oauth_scopes.#": "1",
                            "node_config.0.oauth_scopes.1733087937": "https://www.googleapis.com/auth/cloud-platform",
                            "node_config.0.preemptible": "false",
                            "node_config.0.service_account": "default",
                            "node_config.0.tags.#": "0",
                            "node_config.0.taint.#": "0",
                            "node_config.0.workload_metadata_config.#": "0",
                            "node_pool.#": "1",
                            "node_pool.0.autoscaling.#": "1",
                            "node_pool.0.autoscaling.0.max_node_count": "24",
                            "node_pool.0.autoscaling.0.min_node_count": "9",
                            "node_pool.0.initial_node_count": "3",
                            "node_pool.0.instance_group_urls.#": "3",
                            "node_pool.0.instance_group_urls.0": "https://www.googleapis.com/compute/v1/projects/jinked-home/zones/us-central1-b/instanceGroupManagers/gke-df-demo-default-50e1f8aa-grp",
                            "node_pool.0.instance_group_urls.1": "https://www.googleapis.com/compute/v1/projects/jinked-home/zones/us-central1-c/instanceGroupManagers/gke-df-demo-default-f0ecd4d0-grp",
                            "node_pool.0.instance_group_urls.2": "https://www.googleapis.com/compute/v1/projects/jinked-home/zones/us-central1-a/instanceGroupManagers/gke-df-demo-default-80e25e34-grp",
                            "node_pool.0.management.#": "1",
                            "node_pool.0.management.0.auto_repair": "true",
                            "node_pool.0.management.0.auto_upgrade": "true",
                            "node_pool.0.name": "default",
                            "node_pool.0.name_prefix": "",
                            "node_pool.0.node_config.#": "1",
                            "node_pool.0.node_config.0.disk_size_gb": "30",
                            "node_pool.0.node_config.0.disk_type": "pd-standard",
                            "node_pool.0.node_config.0.guest_accelerator.#": "0",
                            "node_pool.0.node_config.0.image_type": "COS",
                            "node_pool.0.node_config.0.labels.%": "0",
                            "node_pool.0.node_config.0.local_ssd_count": "0",
                            "node_pool.0.node_config.0.machine_type": "n1-standard-8",
                            "node_pool.0.node_config.0.metadata.%": "0",
                            "node_pool.0.node_config.0.min_cpu_platform": "",
                            "node_pool.0.node_config.0.oauth_scopes.#": "1",
                            "node_pool.0.node_config.0.oauth_scopes.1733087937": "https://www.googleapis.com/auth/cloud-platform",
                            "node_pool.0.node_config.0.preemptible": "false",
                            "node_pool.0.node_config.0.service_account": "default",
                            "node_pool.0.node_config.0.tags.#": "0",
                            "node_pool.0.node_config.0.taint.#": "0",
                            "node_pool.0.node_config.0.workload_metadata_config.#": "0",
                            "node_pool.0.node_count": "3",
                            "node_pool.0.version": "1.9.7-gke.3",
                            "node_version": "1.9.7-gke.3",
                            "pod_security_policy_config.#": "0",
                            "private_cluster": "false",
                            "project": "jinked-home",
                            "resource_labels.%": "0",
                            "subnetwork": "projects/jinked-home/regions/us-central1/subnetworks/df-demo",
                            "zone": "us-central1-a"
                        },
                        "meta": {
                            "e2bfb730-ecaa-11e6-8f88-34363bc7c4c0": {
                                "create": 1800000000000,
                                "delete": 600000000000,
                                "update": 600000000000
                            },
                            "schema_version": "1"
                        },
                        "tainted": false
                    },
                    "deposed": [],
                    "provider": "provider.google"
                },
                "google_pubsub_subscription.pd-demo": {
                    "type": "google_pubsub_subscription",
                    "depends_on": [
                        "google_pubsub_topic.pd-demo"
                    ],
                    "primary": {
                        "id": "projects/jinked-home/subscriptions/pd-demo",
                        "attributes": {
                            "ack_deadline_seconds": "120",
                            "id": "projects/jinked-home/subscriptions/pd-demo",
                            "name": "pd-demo",
                            "path": "projects/jinked-home/subscriptions/pd-demo",
                            "project": "jinked-home",
                            "push_config.#": "0",
                            "topic": "projects/jinked-home/topics/pd-demo"
                        },
                        "meta": {},
                        "tainted": false
                    },
                    "deposed": [],
                    "provider": "provider.google"
                },
                "google_pubsub_topic.pd-demo": {
                    "type": "google_pubsub_topic",
                    "depends_on": [],
                    "primary": {
                        "id": "projects/jinked-home/topics/pd-demo",
                        "attributes": {
                            "id": "projects/jinked-home/topics/pd-demo",
                            "name": "pd-demo",
                            "project": "jinked-home"
                        },
                        "meta": {},
                        "tainted": false
                    },
                    "deposed": [],
                    "provider": "provider.google"
                }
            },
            "depends_on": []
        }
    ]
}
