{
    "version": 3,
    "terraform_version": "0.11.7",
    "serial": 3,
    "lineage": "65784c0e-deb3-b026-5e99-31cfa4e6e639",
    "modules": [
        {
            "path": [
                "root"
            ],
            "outputs": {},
            "resources": {
                "google_pubsub_subscription.pd-demo": {
                    "type": "google_pubsub_subscription",
                    "depends_on": [
                        "google_pubsub_topic.pd-demo"
                    ],
                    "primary": {
                        "id": "projects/jinked-home/subscriptions/pd-demo",
                        "attributes": {
                            "ack_deadline_seconds": "120",
                            "id": "projects/jinked-home/subscriptions/pd-demo",
                            "name": "pd-demo",
                            "path": "projects/jinked-home/subscriptions/pd-demo",
                            "project": "jinked-home",
                            "push_config.#": "0",
                            "topic": "projects/jinked-home/topics/pd-demo"
                        },
                        "meta": {},
                        "tainted": false
                    },
                    "deposed": [],
                    "provider": "provider.google"
                },
                "google_pubsub_topic.pd-demo": {
                    "type": "google_pubsub_topic",
                    "depends_on": [],
                    "primary": {
                        "id": "projects/jinked-home/topics/pd-demo",
                        "attributes": {
                            "id": "projects/jinked-home/topics/pd-demo",
                            "name": "pd-demo"
                        },
                        "meta": {},
                        "tainted": false
                    },
                    "deposed": [],
                    "provider": "provider.google"
                }
            },
            "depends_on": []
        }
    ]
}
