{
    "version": 3,
    "terraform_version": "0.11.7",
    "serial": 28,
    "lineage": "65784c0e-deb3-b026-5e99-31cfa4e6e639",
    "modules": [
        {
            "path": [
                "root"
            ],
            "outputs": {},
            "resources": {
                "google_bigtable_instance.df-demo": {
                    "type": "google_bigtable_instance",
                    "depends_on": [],
                    "primary": {
                        "id": "df-demo",
                        "attributes": {
                            "cluster_id": "df-demo",
                            "display_name": "df-demo",
                            "id": "df-demo",
                            "instance_type": "PRODUCTION",
                            "name": "df-demo",
                            "num_nodes": "3",
                            "project": "jinked-home",
                            "storage_type": "SSD",
                            "zone": "us-central1-b"
                        },
                        "meta": {},
                        "tainted": false
                    },
                    "deposed": [],
                    "provider": "provider.google"
                },
                "google_bigtable_table.df-demo": {
                    "type": "google_bigtable_table",
                    "depends_on": [
                        "google_bigtable_instance.df-demo"
                    ],
                    "primary": {
                        "id": "df-demo",
                        "attributes": {
                            "id": "df-demo",
                            "instance_name": "df-demo",
                            "name": "df-demo",
                            "project": "jinked-home"
                        },
                        "meta": {},
                        "tainted": false
                    },
                    "deposed": [],
                    "provider": "provider.google"
                },
                "google_bigtable_table.df-demo-tsdb": {
                    "type": "google_bigtable_table",
                    "depends_on": [
                        "google_bigtable_instance.df-demo"
                    ],
                    "primary": {
                        "id": "tsdb",
                        "attributes": {
                            "id": "tsdb",
                            "instance_name": "df-demo",
                            "name": "tsdb",
                            "project": "jinked-home"
                        },
                        "meta": {},
                        "tainted": false
                    },
                    "deposed": [],
                    "provider": "provider.google"
                },
                "google_bigtable_table.df-demo-tsdb-meta": {
                    "type": "google_bigtable_table",
                    "depends_on": [
                        "google_bigtable_instance.df-demo"
                    ],
                    "primary": {
                        "id": "tsdb-meta",
                        "attributes": {
                            "id": "tsdb-meta",
                            "instance_name": "df-demo",
                            "name": "tsdb-meta",
                            "project": "jinked-home"
                        },
                        "meta": {},
                        "tainted": false
                    },
                    "deposed": [],
                    "provider": "provider.google"
                },
                "google_bigtable_table.df-demo-tsdb-tree": {
                    "type": "google_bigtable_table",
                    "depends_on": [
                        "google_bigtable_instance.df-demo"
                    ],
                    "primary": {
                        "id": "tsdb-tree",
                        "attributes": {
                            "id": "tsdb-tree",
                            "instance_name": "df-demo",
                            "name": "tsdb-tree",
                            "project": "jinked-home"
                        },
                        "meta": {},
                        "tainted": false
                    },
                    "deposed": [],
                    "provider": "provider.google"
                },
                "google_bigtable_table.df-demo-tsdb-uid": {
                    "type": "google_bigtable_table",
                    "depends_on": [
                        "google_bigtable_instance.df-demo"
                    ],
                    "primary": {
                        "id": "tsdb-uid",
                        "attributes": {
                            "id": "tsdb-uid",
                            "instance_name": "df-demo",
                            "name": "tsdb-uid",
                            "project": "jinked-home"
                        },
                        "meta": {},
                        "tainted": false
                    },
                    "deposed": [],
                    "provider": "provider.google"
                },
                "google_compute_subnetwork.df-demo": {
                    "type": "google_compute_subnetwork",
                    "depends_on": [],
                    "primary": {
                        "id": "us-central1/df-demo",
                        "attributes": {
                            "creation_timestamp": "2018-07-23T11:17:35.845-07:00",
                            "description": "",
                            "enable_flow_logs": "false",
                            "fingerprint": "ArRgXRTg0HI=",
                            "gateway_address": "10.1.0.1",
                            "id": "us-central1/df-demo",
                            "ip_cidr_range": "10.1.0.0/20",
                            "name": "df-demo",
                            "network": "https://www.googleapis.com/compute/beta/projects/jinked-home/global/networks/default",
                            "private_ip_google_access": "false",
                            "project": "jinked-home",
                            "region": "us-central1",
                            "secondary_ip_range.#": "2",
                            "secondary_ip_range.0.ip_cidr_range": "10.1.16.0/20",
                            "secondary_ip_range.0.range_name": "df-demo-pods",
                            "secondary_ip_range.1.ip_cidr_range": "10.1.32.0/20",
                            "secondary_ip_range.1.range_name": "df-demo-services",
                            "self_link": "https://www.googleapis.com/compute/v1/projects/jinked-home/regions/us-central1/subnetworks/df-demo"
                        },
                        "meta": {
                            "e2bfb730-ecaa-11e6-8f88-34363bc7c4c0": {
                                "create": 360000000000,
                                "delete": 360000000000,
                                "update": 360000000000
                            }
                        },
                        "tainted": false
                    },
                    "deposed": [],
                    "provider": "provider.google"
                },
                "google_container_cluster.df-demo": {
                    "type": "google_container_cluster",
                    "depends_on": [
                        "google_compute_subnetwork.df-demo"
                    ],
                    "primary": {
                        "id": "df-demo",
                        "attributes": {
                            "additional_zones.#": "0",
                            "addons_config.#": "1",
                            "addons_config.0.horizontal_pod_autoscaling.#": "0",
                            "addons_config.0.http_load_balancing.#": "0",
                            "addons_config.0.kubernetes_dashboard.#": "0",
                            "addons_config.0.network_policy_config.#": "1",
                            "addons_config.0.network_policy_config.0.disabled": "true",
                            "cluster_ipv4_cidr": "10.1.16.0/20",
                            "description": "",
                            "enable_kubernetes_alpha": "false",
                            "enable_legacy_abac": "true",
                            "endpoint": "104.197.239.150",
                            "id": "df-demo",
                            "initial_node_count": "0",
                            "instance_group_urls.#": "1",
                            "instance_group_urls.0": "https://www.googleapis.com/compute/v1/projects/jinked-home/zones/us-central1-a/instanceGroups/gke-df-demo-default-4136ff98-grp",
                            "ip_allocation_policy.#": "1",
                            "ip_allocation_policy.0.cluster_secondary_range_name": "df-demo-pods",
                            "ip_allocation_policy.0.services_secondary_range_name": "df-demo-services",
                            "logging_service": "logging.googleapis.com",
                            "maintenance_policy.#": "0",
                            "master_auth.#": "1",
                            "master_auth.0.client_certificate": "LS0tLS1CRUdJTiBDRVJUSUZJQ0FURS0tLS0tCk1JSUMyekNDQWNPZ0F3SUJBZ0lSQU1LQmNhZDlPaDNJdHdVc2ZadHByclV3RFFZSktvWklodmNOQVFFTEJRQXcKTHpFdE1Dc0dBMVVFQXhNa05UVXlaREU1TVRNdFlqWm1OaTAwWkdWaExXSTFaVFl0T0dKbE1qQXlOVGczTkRReQpNQjRYRFRFNE1EY3lNekU0TVRneE1sb1hEVEl6TURjeU1qRTRNVGd4TWxvd0VURVBNQTBHQTFVRUF4TUdZMnhwClpXNTBNSUlCSWpBTkJna3Foa2lHOXcwQkFRRUZBQU9DQVE4QU1JSUJDZ0tDQVFFQTE4MmtaaWxNRlZQcGd0MEsKR2Fab0FVYlVzUVJhT05JRlloTVoyckJ6bHJOMS9TT01zL2lrVzBtVTU5b1FXaW5GbEE4M2NKVnF2T28ySm5zOApzQmI0TXFVZjd6Yk1wN215MnpLRzBHNzBTVG9xVHBnc3Q3UktJSGUvNHFEcU53WVMrckt0MzR3RDJvTzl1OHVFClpwNktjUXFzZDRiWUE2UE84TWdDWXg3OVc4WUt1UE5CTWxobmRUakRRZ2U1dHFuSm1hOHQ0bHdoQjVtY0crTEsKTnRHakZ5SUYrdWN6Y3RuN0hSTHE4K1NMYm5UT1lHTjArMTNnU3ZIRXFBeDl1Y3RSci9Ydm5GNTlmSDNVdVdBdAp1OVZSUkIwWWlacHUyTnkyQXdORzJjWjV1V3B3dlV3bnVIZ3hlZWF1VTJCaGFZNzlMa3hiYzJGZ0w4bzBIZ1paCitXQTYyUUlEQVFBQm94QXdEakFNQmdOVkhSTUJBZjhFQWpBQU1BMEdDU3FHU0liM0RRRUJDd1VBQTRJQkFRQXgKaHBpbEx6Mnp0NzlGUndWTkZON2s5cFN5Nmg0QytWRVozaTV6dm9HV0NkeFY3alJEYjVxUkdwRE9tazNidlQ2ago0b2RNUEdiSmppaHdwdzhtdUFtN2JzaVY3Q0VaN2hldGRRN0lVOVpsSHExTTk1NW9rNDFQTmpjZGhaeGxDb3lkCnNHOUFGVDNVeDUwazNiMmRzSlJndC9tVi9uNFZNVTE5VU1TU3c3dlBMVi9MQ1BSN3E5bGJKU1FoS0tZTStSczQKWHBmSzlMY3hQZURSWnBiRzIyZmVwNGJ6TjQrZ0lWRmFYUDhtQlNZWHpPdHdPc1hFRk16NUEvVzZsY2laa2pBZgpJZ1FERXo1dzJjVmRpdnJobEc0OFR4K1JZKzdQZmpmOGI3cDhvNTl3bVdyeUJPTkJSOHNiekRWbFNNak43a2wzCjZ2cUc4YklyL1hkZTBYRHFyenVoCi0tLS0tRU5EIENFUlRJRklDQVRFLS0tLS0K",
                            "master_auth.0.client_certificate_config.#": "0",
                            "master_auth.0.client_key": "LS0tLS1CRUdJTiBSU0EgUFJJVkFURSBLRVktLS0tLQpNSUlFb3dJQkFBS0NBUUVBMTgya1ppbE1GVlBwZ3QwS0dhWm9BVWJVc1FSYU9OSUZZaE1aMnJCemxyTjEvU09NCnMvaWtXMG1VNTlvUVdpbkZsQTgzY0pWcXZPbzJKbnM4c0JiNE1xVWY3emJNcDdteTJ6S0cwRzcwU1RvcVRwZ3MKdDdSS0lIZS80cURxTndZUytyS3QzNHdEMm9POXU4dUVacDZLY1Fxc2Q0YllBNlBPOE1nQ1l4NzlXOFlLdVBOQgpNbGhuZFRqRFFnZTV0cW5KbWE4dDRsd2hCNW1jRytMS050R2pGeUlGK3VjemN0bjdIUkxxOCtTTGJuVE9ZR04wCisxM2dTdkhFcUF4OXVjdFJyL1h2bkY1OWZIM1V1V0F0dTlWUlJCMFlpWnB1Mk55MkF3TkcyY1o1dVdwd3ZVd24KdUhneGVlYXVVMkJoYVk3OUxreGJjMkZnTDhvMEhnWlorV0E2MlFJREFRQUJBb0lCQUE1TmIwbGtFRXBUa3VUYwo4SGZ0dXZQbXRWNzhDbHk4c3FXaTNYSk1nb1NvNVRkL1BTcUtYcDQ4UExXM0VxRmZKbHlmTzQzbklUbGZEbkt6CmRUeTRjUCt1U1BVS1BUc2FpQnVWK0RCbFFpUitTZUtHbkdRYWUxVTJpbzJqRzVMRkFNb0R3SmxSeHNtYk5KNTMKS1JIQ0RTdmJ5TDF0UHZEUzBQck5UcmN5RFJtaFlkVWk5VGxBRFF5c0JrUWpPSW10QjhWb3ZXbmNWR3JJdlg3MwpDVUY0SFBQWDRVUTd5RnVnU2JtQ1lRNWRZaFdFRFMzSm1jV0hvTXVXZG5OeENKTElCM2QyY2c5cmZQTUQ5YmJCCjduWVlVWDQvVThZdzEyT2U1dE5yR29SZXRJVXhXVlVvaXlpWGpBNmlObkx3SElPdVgyYmNQMGluUUJhc05GRVEKMStlbWtVRUNnWUVBOHhmcmtDT3RacEk2QUQvSUFaVGEyZDZMK0txanlHZWhQWmQrYkpQL1dsUG10Q0NMSmFscgp4cWVJMlZWalBpWmpmdVdSS2E0bkVIdEp1MUhnemhJMnphdjdrSW80YWNjbkszOGpiUEh0OURPMkkvcUg2ekx0Ckh2NFE1a2VTRUZQcmxteGxiZHN3cHYwRHpiY0poTFBFZkovMTNtdG00VXpRb2RER1hna21BT2tDZ1lFQTQwTE0KckQzVkNkeVlrTmVxbjZZdU5zRnhmU1YyMlZjVlVpL1h1YU9RM2ZCYjc1RHJUSURBSTNBVTFnU1BtUGIxeGs4LwoxQUNLZEx6OHN4WG1JejZFRmk4UlBQdWFFM0ZqT3g0R3o3TFhueWp1WlNGd2k5QThtSzRpWXZXdUdOVlczSWFhCkJ6YWVTalJnTko1dGxmZHRCVVdvWUFvS0VoY2wxY1ZFNExXR3RIRUNnWUVBMzRFK3RHZ1pKaFdML202bUZjNG0KNmVvVUI2M2NxSVdmV21IUGUwVVhvcFZCcUp2RFUvMVJlblRPL2dQa0cyQndXbHYzKzdxRGNFUHFwcS9CWWJhZApiTHlUcjNGbUxOdE95RTg4NHc0TkdsbnhQV003VktTZUg4QzVDUUVFNnI0OS9TL3NrZlRWNXJMNnJFbCtGdVN4CjQyT3ZTN0MwQnJINW9NMnpsUUlVVHdFQ2dZQVM2b2w4d0x6TjBGWEdvSnpzSXZudnh0UTZkWGJhQ2x5VTliU0EKR0RSRHRQRUNGTTd4RkRwcCtMZFRSUmZxeEl1YWtSZ2YvbGVIOWY4V3JQajE4QXN3aVlSbXpnNTZGZE1McGFrdAplcFptQWhNdHljWERiWGJOd3BqTUllVDIzak1Yc2dCNkh6cTN0SHBaaHVKYVBEa1Aya2QwandGZGxoMnBHSDF1Ck1zM2VrUUtCZ0RRYld0c042c3YzeUxFd1hkYlM3bFdST05yK3Eyb2JJcThNQWpGTjJvZUMxVmp2Y28xMHRJZkUKTTM3TmoyMG9LVlJZS0h6aEZhTkVUck03UnR0WnZQVGR3R2FaSVdkay9uNG1lMWtrRlc5MnhJRU56d2hRZHZjYwoyQXJTTmxxMUNacFd4MmNSUEhLeDhlR01kdE4zcnpoUllYMjRGOUxtSlRmUExXTzZwaFJ3Ci0tLS0tRU5EIFJTQSBQUklWQVRFIEtFWS0tLS0tCg==",
                            "master_auth.0.cluster_ca_certificate": "LS0tLS1CRUdJTiBDRVJUSUZJQ0FURS0tLS0tCk1JSURDekNDQWZPZ0F3SUJBZ0lRRW9xZ3R4cUxzUHJ4VkFNTlJFL2d5akFOQmdrcWhraUc5dzBCQVFzRkFEQXYKTVMwd0t3WURWUVFERXlRMU5USmtNVGt4TXkxaU5tWTJMVFJrWldFdFlqVmxOaTA0WW1VeU1ESTFPRGMwTkRJdwpIaGNOTVRnd056SXpNVGN4T0RFeVdoY05Nak13TnpJeU1UZ3hPREV5V2pBdk1TMHdLd1lEVlFRREV5UTFOVEprCk1Ua3hNeTFpTm1ZMkxUUmtaV0V0WWpWbE5pMDRZbVV5TURJMU9EYzBOREl3Z2dFaU1BMEdDU3FHU0liM0RRRUIKQVFVQUE0SUJEd0F3Z2dFS0FvSUJBUURvblVUUW9hUXZReVpZQTYwUFQ1TllxaElKOUFoM0pJTU5Gc1hsUDArVApWOEtyMDFGWUN6ZmR0ck1wM2tmQ0l2L3hibjJ4dStJRGRtWTZZWERIaFVqTHQxK2RqRm0yMUpVLzRFN3F2eVJvCmp2aXplWjE0RkRUbTBDNnBHdEpaSHBxYTRpV0l0Vmk4VlRGWXE3elduY3hDSSs2OU12V0lIQXNhY1ROR0lyaisKbnZ4U29WRmhpMnZmdHlNUG5tTk9rdTBGYk5pZk5yYUhsQXQ2dHMvZnBLRXcwSW1TeG1TME9LZjNBQjErczdLQgo4SFBnN1JESkJvTWluQkp0VHRXRVlyVURBeVBUREYzZWNIbzd4U2dETVFNRUxvRFBGZ1hJUjBKVmxtSWZ2bmdjCkpjZG5tK1QzVmE1R0VLRUtwM3E3elRvTW85aXFoQWlDVTZPZXJtZHhZd1pIQWdNQkFBR2pJekFoTUE0R0ExVWQKRHdFQi93UUVBd0lDQkRBUEJnTlZIUk1CQWY4RUJUQURBUUgvTUEwR0NTcUdTSWIzRFFFQkN3VUFBNElCQVFBNApscjhhMTd6U1dXbTZvWVJBb0wwU2lGK3Izalgwd2hCU2xDRDE3TmF1MGNjTC95REw5dWc0VXBMeFJaUkx3N25nCkNWKy9aS1ZpbTVvWjJ4UFRxZE5sWjh5eFlpc3RKSUdVV1BTb3lwUFo1ekxtazZMZDJxTFdUdC9VWGo3MDFpbWEKQTJ4KzZkenNBY3FWZmZPcTFEUkZYRWpZY1AyS3J3UmJSWncyK1JpSEk0L0lWdzFOaDFFakYwN2EwNlhUcDVncgpHbzErNjdrSDQwZ3pjK3QzTWpmMUI2ekdsSUl4cHNsVFcxVXpQdmsrQktPVE5vOVcrSk42WlBJTTQ4OS9sTENzCjNoZ2paLzVOS2xZZ21pOC9HNVJocERST3VtSDVsVlRQWjJXS1dqcXNGMmhFb2MwZk16UXN2Zk96bGJKZ3N4NTIKYWlGa1hZUE05ZEpINStkbDVHa0MKLS0tLS1FTkQgQ0VSVElGSUNBVEUtLS0tLQo=",
                            "master_auth.0.password": "Ghi2dL1t2EAQjykY",
                            "master_auth.0.username": "admin",
                            "master_authorized_networks_config.#": "0",
                            "master_ipv4_cidr_block": "",
                            "master_version": "1.9.7-gke.3",
                            "monitoring_service": "monitoring.googleapis.com",
                            "name": "df-demo",
                            "network": "projects/jinked-home/global/networks/default",
                            "network_policy.#": "1",
                            "network_policy.0.enabled": "false",
                            "network_policy.0.provider": "PROVIDER_UNSPECIFIED",
                            "node_config.#": "1",
                            "node_config.0.disk_size_gb": "30",
                            "node_config.0.disk_type": "pd-standard",
                            "node_config.0.guest_accelerator.#": "0",
                            "node_config.0.image_type": "COS",
                            "node_config.0.labels.%": "0",
                            "node_config.0.local_ssd_count": "0",
                            "node_config.0.machine_type": "n1-standard-8",
                            "node_config.0.metadata.%": "0",
                            "node_config.0.min_cpu_platform": "",
                            "node_config.0.oauth_scopes.#": "1",
                            "node_config.0.oauth_scopes.1733087937": "https://www.googleapis.com/auth/cloud-platform",
                            "node_config.0.preemptible": "false",
                            "node_config.0.service_account": "default",
                            "node_config.0.tags.#": "0",
                            "node_config.0.taint.#": "0",
                            "node_config.0.workload_metadata_config.#": "0",
                            "node_pool.#": "1",
                            "node_pool.0.autoscaling.#": "1",
                            "node_pool.0.autoscaling.0.max_node_count": "24",
                            "node_pool.0.autoscaling.0.min_node_count": "9",
                            "node_pool.0.initial_node_count": "3",
                            "node_pool.0.instance_group_urls.#": "1",
                            "node_pool.0.instance_group_urls.0": "https://www.googleapis.com/compute/v1/projects/jinked-home/zones/us-central1-a/instanceGroupManagers/gke-df-demo-default-4136ff98-grp",
                            "node_pool.0.management.#": "1",
                            "node_pool.0.management.0.auto_repair": "true",
                            "node_pool.0.management.0.auto_upgrade": "true",
                            "node_pool.0.name": "default",
                            "node_pool.0.name_prefix": "",
                            "node_pool.0.node_config.#": "1",
                            "node_pool.0.node_config.0.disk_size_gb": "30",
                            "node_pool.0.node_config.0.disk_type": "pd-standard",
                            "node_pool.0.node_config.0.guest_accelerator.#": "0",
                            "node_pool.0.node_config.0.image_type": "COS",
                            "node_pool.0.node_config.0.labels.%": "0",
                            "node_pool.0.node_config.0.local_ssd_count": "0",
                            "node_pool.0.node_config.0.machine_type": "n1-standard-8",
                            "node_pool.0.node_config.0.metadata.%": "0",
                            "node_pool.0.node_config.0.min_cpu_platform": "",
                            "node_pool.0.node_config.0.oauth_scopes.#": "1",
                            "node_pool.0.node_config.0.oauth_scopes.1733087937": "https://www.googleapis.com/auth/cloud-platform",
                            "node_pool.0.node_config.0.preemptible": "false",
                            "node_pool.0.node_config.0.service_account": "default",
                            "node_pool.0.node_config.0.tags.#": "0",
                            "node_pool.0.node_config.0.taint.#": "0",
                            "node_pool.0.node_config.0.workload_metadata_config.#": "0",
                            "node_pool.0.node_count": "3",
                            "node_pool.0.version": "1.9.7-gke.3",
                            "node_version": "1.9.7-gke.3",
                            "pod_security_policy_config.#": "0",
                            "private_cluster": "false",
                            "project": "jinked-home",
                            "resource_labels.%": "0",
                            "subnetwork": "projects/jinked-home/regions/us-central1/subnetworks/df-demo",
                            "zone": "us-central1-a"
                        },
                        "meta": {
                            "e2bfb730-ecaa-11e6-8f88-34363bc7c4c0": {
                                "create": 1800000000000,
                                "delete": 600000000000,
                                "update": 600000000000
                            },
                            "schema_version": "1"
                        },
                        "tainted": false
                    },
                    "deposed": [],
                    "provider": "provider.google"
                },
                "google_pubsub_subscription.pd-demo": {
                    "type": "google_pubsub_subscription",
                    "depends_on": [
                        "google_pubsub_topic.pd-demo"
                    ],
                    "primary": {
                        "id": "projects/jinked-home/subscriptions/pd-demo",
                        "attributes": {
                            "ack_deadline_seconds": "120",
                            "id": "projects/jinked-home/subscriptions/pd-demo",
                            "name": "pd-demo",
                            "path": "projects/jinked-home/subscriptions/pd-demo",
                            "project": "jinked-home",
                            "push_config.#": "0",
                            "topic": "projects/jinked-home/topics/pd-demo"
                        },
                        "meta": {},
                        "tainted": false
                    },
                    "deposed": [],
                    "provider": "provider.google"
                },
                "google_pubsub_topic.pd-demo": {
                    "type": "google_pubsub_topic",
                    "depends_on": [],
                    "primary": {
                        "id": "projects/jinked-home/topics/pd-demo",
                        "attributes": {
                            "id": "projects/jinked-home/topics/pd-demo",
                            "name": "pd-demo"
                        },
                        "meta": {},
                        "tainted": false
                    },
                    "deposed": [],
                    "provider": "provider.google"
                }
            },
            "depends_on": []
        }
    ]
}
